<Solution>
  <Folder Name="/SolutionFolder/">
    <File Path=".env" />
    <File Path="docker-compose.yaml" />
    <File Path="servicebus_emulator-config.json" />
  </Folder>
  <Project Path="Kafee.AzureFunctions/Kafee.AzureFunctions.csproj" Id="4d3ea99b-0e21-4e21-a9b0-afc179e1d335" />
  <Project Path="Kafee/Kafee.Api/Kafee.Api.csproj" />
  <Project Path="Kafee/Kafee.Client/Kafee.Client.csproj" />
</Solution>
